
Microsoft Visual Studio Solution File, Format Version 12.00
# Visual Studio Version 17
VisualStudioVersion = 17.7.34024.191
MinimumVisualStudioVersion = 10.0.40219.1
Project("{FAE04EC0-301F-11D3-BF4B-00C04F79EFBC}") = "DataType", "DataType.csproj", "{2802D692-3EC6-43A1-BEE1-EF741D6E18D7}"
EndProject
Global
	GlobalSection(SolutionConfigurationPlatforms) = preSolution
		Debug|Any CPU = Debug|Any CPU
		Release|Any CPU = Release|Any CPU
	EndGlobalSection
	GlobalSection(ProjectConfigurationPlatforms) = postSolution
		{2802D692-3EC6-43A1-BEE1-EF741D6E18D7}.Debug|Any CPU.ActiveCfg = Debug|Any CPU
		{2802D692-3EC6-43A1-BEE1-EF741D6E18D7}.Debug|Any CPU.Build.0 = Debug|Any CPU
		{2802D692-3EC6-43A1-BEE1-EF741D6E18D7}.Release|Any CPU.ActiveCfg = Release|Any CPU
		{2802D692-3EC6-43A1-BEE1-EF741D6E18D7}.Release|Any CPU.Build.0 = Release|Any CPU
	EndGlobalSection
	GlobalSection(SolutionProperties) = preSolution
		HideSolutionNode = FALSE
	EndGlobalSection
	GlobalSection(ExtensibilityGlobals) = postSolution
		SolutionGuid = {8C489C53-3595-4284-A481-56E941753BB4}
	EndGlobalSection
EndGlobal
